
Microsoft Visual Studio Solution File, Format Version 12.00
# Visual Studio Version 17
VisualStudioVersion = 17.9.34714.143
MinimumVisualStudioVersion = 10.0.40219.1
Project("{FAE04EC0-301F-11D3-BF4B-00C04F79EFBC}") = "TCP_client", "TCP_client\TCP_client.csproj", "{D34FCC7D-C6DA-4407-B05E-FDFB06E9D6E0}"
EndProject
Global
	GlobalSection(SolutionConfigurationPlatforms) = preSolution
		Debug|Any CPU = Debug|Any CPU
		Release|Any CPU = Release|Any CPU
	EndGlobalSection
	GlobalSection(ProjectConfigurationPlatforms) = postSolution
		{D34FCC7D-C6DA-4407-B05E-FDFB06E9D6E0}.Debug|Any CPU.ActiveCfg = Debug|Any CPU
		{D34FCC7D-C6DA-4407-B05E-FDFB06E9D6E0}.Debug|Any CPU.Build.0 = Debug|Any CPU
		{D34FCC7D-C6DA-4407-B05E-FDFB06E9D6E0}.Release|Any CPU.ActiveCfg = Release|Any CPU
		{D34FCC7D-C6DA-4407-B05E-FDFB06E9D6E0}.Release|Any CPU.Build.0 = Release|Any CPU
	EndGlobalSection
	GlobalSection(SolutionProperties) = preSolution
		HideSolutionNode = FALSE
	EndGlobalSection
	GlobalSection(ExtensibilityGlobals) = postSolution
		SolutionGuid = {4D36CA6E-FF15-4C30-8F6C-BBEB89714E19}
	EndGlobalSection
EndGlobal
